
Microsoft Visual Studio Solution File, Format Version 12.00
# Visual Studio Version 16
VisualStudioVersion = 16.0.29201.188
MinimumVisualStudioVersion = 10.0.40219.1
Project("{FAE04EC0-301F-11D3-BF4B-00C04F79EFBC}") = "Calculator", "Calculator\Calculator.csproj", "{65DE3CC0-EDC3-4BBA-9AE4-692305B478D9}"
EndProject
Global
	GlobalSection(SolutionConfigurationPlatforms) = preSolution
		Debug|Any CPU = Debug|Any CPU
		Release|Any CPU = Release|Any CPU
	EndGlobalSection
	GlobalSection(ProjectConfigurationPlatforms) = postSolution
		{65DE3CC0-EDC3-4BBA-9AE4-692305B478D9}.Debug|Any CPU.ActiveCfg = Debug|Any CPU
		{65DE3CC0-EDC3-4BBA-9AE4-692305B478D9}.Debug|Any CPU.Build.0 = Debug|Any CPU
		{65DE3CC0-EDC3-4BBA-9AE4-692305B478D9}.Release|Any CPU.ActiveCfg = Release|Any CPU
		{65DE3CC0-EDC3-4BBA-9AE4-692305B478D9}.Release|Any CPU.Build.0 = Release|Any CPU
	EndGlobalSection
	GlobalSection(SolutionProperties) = preSolution
		HideSolutionNode = FALSE
	EndGlobalSection
	GlobalSection(ExtensibilityGlobals) = postSolution
		SolutionGuid = {20B96881-945F-45E4-BF48-CB8E40800C3E}
	EndGlobalSection
EndGlobal
